
Microsoft Visual Studio Solution File, Format Version 12.00
# Visual Studio Version 17
VisualStudioVersion = 17.2.32519.379
MinimumVisualStudioVersion = 10.0.40219.1
Project("{FAE04EC0-301F-11D3-BF4B-00C04F79EFBC}") = "RsPremiereProyek", "RsPremiereProyek\RsPremiereProyek.csproj", "{14DCA79F-9452-49E2-AD48-33613A74D7BA}"
EndProject
Global
	GlobalSection(SolutionConfigurationPlatforms) = preSolution
		Debug|Any CPU = Debug|Any CPU
		Release|Any CPU = Release|Any CPU
	EndGlobalSection
	GlobalSection(ProjectConfigurationPlatforms) = postSolution
		{14DCA79F-9452-49E2-AD48-33613A74D7BA}.Debug|Any CPU.ActiveCfg = Debug|Any CPU
		{14DCA79F-9452-49E2-AD48-33613A74D7BA}.Debug|Any CPU.Build.0 = Debug|Any CPU
		{14DCA79F-9452-49E2-AD48-33613A74D7BA}.Release|Any CPU.ActiveCfg = Release|Any CPU
		{14DCA79F-9452-49E2-AD48-33613A74D7BA}.Release|Any CPU.Build.0 = Release|Any CPU
	EndGlobalSection
	GlobalSection(SolutionProperties) = preSolution
		HideSolutionNode = FALSE
	EndGlobalSection
	GlobalSection(ExtensibilityGlobals) = postSolution
		SolutionGuid = {CDF5DB67-C9E4-4FAB-BC79-2E103445EED0}
	EndGlobalSection
EndGlobal
